// !$*UTF8*$!
{
	archiveVersion = 1;
	classes = {
	};
	objectVersion = 50;
	objects = {

/* Begin PBXBuildFile section */
		29EB754220C849B100493165 /* AppDelegate.swift in Sources */ = {isa = PBXBuildFile; fileRef = 29EB754120C849B100493165 /* AppDelegate.swift */; };
		29EB754420C849B100493165 /* ViewController.swift in Sources */ = {isa = PBXBuildFile; fileRef = 29EB754320C849B100493165 /* ViewController.swift */; };
		29EB754720C849B100493165 /* Main.storyboard in Resources */ = {isa = PBXBuildFile; fileRef = 29EB754520C849B100493165 /* Main.storyboard */; };
		29EB754920C849B200493165 /* Assets.xcassets in Resources */ = {isa = PBXBuildFile; fileRef = 29EB754820C849B200493165 /* Assets.xcassets */; };
		29EB754C20C849B200493165 /* LaunchScreen.storyboard in Resources */ = {isa = PBXBuildFile; fileRef = 29EB754A20C849B200493165 /* LaunchScreen.storyboard */; };
		29EB755420C84D4600493165 /* ImageExtensionUtil.swift in Sources */ = {isa = PBXBuildFile; fileRef = 29EB755320C84D4600493165 /* ImageExtensionUtil.swift */; };
		29EB755820C8596000493165 /* flowers.mlmodel in Sources */ = {isa = PBXBuildFile; fileRef = 29EB755720C8596000493165 /* flowers.mlmodel */; };
/* End PBXBuildFile section */

/* Begin PBXFileReference section */
		29EB753E20C849B100493165 /* ImageClassificationCoreML.app */ = {isa = PBXFileReference; explicitFileType = wrapper.application; includeInIndex = 0; path = ImageClassificationCoreML.app; sourceTree = BUILT_PRODUCTS_DIR; };
		29EB754120C849B100493165 /* AppDelegate.swift */ = {isa = PBXFileReference; lastKnownFileType = sourcecode.swift; path = AppDelegate.swift; sourceTree = "<group>"; };
		29EB754320C849B100493165 /* ViewController.swift */ = {isa = PBXFileReference; lastKnownFileType = sourcecode.swift; path = ViewController.swift; sourceTree = "<group>"; };
		29EB754620C849B100493165 /* Base */ = {isa = PBXFileReference; lastKnownFileType = file.storyboard; name = Base; path = Base.lproj/Main.storyboard; sourceTree = "<group>"; };
		29EB754820C849B200493165 /* Assets.xcassets */ = {isa = PBXFileReference; lastKnownFileType = folder.assetcatalog; path = Assets.xcassets; sourceTree = "<group>"; };
		29EB754B20C849B200493165 /* Base */ = {isa = PBXFileReference; lastKnownFileType = file.storyboard; name = Base; path = Base.lproj/LaunchScreen.storyboard; sourceTree = "<group>"; };
		29EB754D20C849B200493165 /* Info.plist */ = {isa = PBXFileReference; lastKnownFileType = text.plist.xml; path = Info.plist; sourceTree = "<group>"; };
		29EB755320C84D4600493165 /* ImageExtensionUtil.swift */ = {isa = PBXFileReference; lastKnownFileType = sourcecode.swift; path = ImageExtensionUtil.swift; sourceTree = "<group>"; };
		29EB755720C8596000493165 /* flowers.mlmodel */ = {isa = PBXFileReference; lastKnownFileType = file.mlmodel; path = flowers.mlmodel; sourceTree = "<group>"; };
/* End PBXFileReference section */

/* Begin PBXFrameworksBuildPhase section */
		29EB753B20C849B100493165 /* Frameworks */ = {
			isa = PBXFrameworksBuildPhase;
			buildActionMask = 2147483647;
			files = (
			);
			runOnlyForDeploymentPostprocessing = 0;
		};
/* End PBXFrameworksBuildPhase section */

/* Begin PBXGroup section */
		29EB753520C849B100493165 = {
			isa = PBXGroup;
			children = (
				29EB754020C849B100493165 /* ImageClassificationCoreML */,
				29EB753F20C849B100493165 /* Products */,
			);
			sourceTree = "<group>";
		};
		29EB753F20C849B100493165 /* Products */ = {
			isa = PBXGroup;
			children = (
				29EB753E20C849B100493165 /* ImageClassificationCoreML.app */,
			);
			name = Products;
			sourceTree = "<group>";
		};
		29EB754020C849B100493165 /* ImageClassificationCoreML */ = {
			isa = PBXGroup;
			children = (
				29EB754120C849B100493165 /* AppDelegate.swift */,
				29EB754320C849B100493165 /* ViewController.swift */,
				29EB754520C849B100493165 /* Main.storyboard */,
				29EB754820C849B200493165 /* Assets.xcassets */,
				29EB754A20C849B200493165 /* LaunchScreen.storyboard */,
				29EB755720C8596000493165 /* flowers.mlmodel */,
				29EB754D20C849B200493165 /* Info.plist */,
				29EB755320C84D4600493165 /* ImageExtensionUtil.swift */,
			);
			path = ImageClassificationCoreML;
			sourceTree = "<group>";
		};
/* End PBXGroup section */

/* Begin PBXNativeTarget section */
		29EB753D20C849B100493165 /* ImageClassificationCoreML */ = {
			isa = PBXNativeTarget;
			buildConfigurationList = 29EB755020C849B300493165 /* Build configuration list for PBXNativeTarget "ImageClassificationCoreML" */;
			buildPhases = (
				29EB753A20C849B100493165 /* Sources */,
				29EB753B20C849B100493165 /* Frameworks */,
				29EB753C20C849B100493165 /* Resources */,
			);
			buildRules = (
			);
			dependencies = (
			);
			name = ImageClassificationCoreML;
			productName = ImageClassificationCoreML;
			productReference = 29EB753E20C849B100493165 /* ImageClassificationCoreML.app */;
			productType = "com.apple.product-type.application";
		};
/* End PBXNativeTarget section */

/* Begin PBXProject section */
		29EB753620C849B100493165 /* Project object */ = {
			isa = PBXProject;
			attributes = {
				LastSwiftUpdateCheck = 0930;
				LastUpgradeCheck = 0930;
				ORGANIZATIONNAME = "Martin Saporiti";
				TargetAttributes = {
					29EB753D20C849B100493165 = {
						CreatedOnToolsVersion = 9.3;
					};
				};
			};
			buildConfigurationList = 29EB753920C849B100493165 /* Build configuration list for PBXProject "ImageClassificationCoreML" */;
			compatibilityVersion = "Xcode 9.3";
			developmentRegion = en;
			hasScannedForEncodings = 0;
			knownRegions = (
				en,
				Base,
			);
			mainGroup = 29EB753520C849B100493165;
			productRefGroup = 29EB753F20C849B100493165 /* Products */;
			projectDirPath = "";
			projectRoot = "";
			targets = (
				29EB753D20C849B100493165 /* ImageClassificationCoreML */,
			);
		};
/* End PBXProject section */

/* Begin PBXResourcesBuildPhase section */
		29EB753C20C849B100493165 /* Resources */ = {
			isa = PBXResourcesBuildPhase;
			buildActionMask = 2147483647;
			files = (
				29EB754C20C849B200493165 /* LaunchScreen.storyboard in Resources */,
				29EB754920C849B200493165 /* Assets.xcassets in Resources */,
				29EB754720C849B100493165 /* Main.storyboard in Resources */,
			);
			runOnlyForDeploymentPostprocessing = 0;
		};
/* End PBXResourcesBuildPhase section */

/* Begin PBXSourcesBuildPhase section */
		29EB753A20C849B100493165 /* Sources */ = {
			isa = PBXSourcesBuildPhase;
			buildActionMask = 2147483647;
			files = (
				29EB754420C849B100493165 /* ViewController.swift in Sources */,
				29EB755820C8596000493165 /* flowers.mlmodel in Sources */,
				29EB754220C849B100493165 /* AppDelegate.swift in Sources */,
				29EB755420C84D4600493165 /* ImageExtensionUtil.swift in Sources */,
			);
			runOnlyForDeploymentPostprocessing = 0;
		};
/* End PBXSourcesBuildPhase section */

/* Begin PBXVariantGroup section */
		29EB754520C849B100493165 /* Main.storyboard */ = {
			isa = PBXVariantGroup;
			children = (
				29EB754620C849B100493165 /* Base */,
			);
			name = Main.storyboard;
			sourceTree = "<group>";
		};
		29EB754A20C849B200493165 /* LaunchScreen.storyboard */ = {
			isa = PBXVariantGroup;
			children = (
				29EB754B20C849B200493165 /* Base */,
			);
			name = LaunchScreen.storyboard;
			sourceTree = "<group>";
		};
/* End PBXVariantGroup section */

/* Begin XCBuildConfiguration section */
		29EB754E20C849B300493165 /* Debug */ = {
			isa = XCBuildConfiguration;
			buildSettings = {
				ALWAYS_SEARCH_USER_PATHS = NO;
				CLANG_ANALYZER_NONNULL = YES;
				CLANG_ANALYZER_NUMBER_OBJECT_CONVERSION = YES_AGGRESSIVE;
				CLANG_CXX_LANGUAGE_STANDARD = "gnu++14";
				CLANG_CXX_LIBRARY = "libc++";
				CLANG_ENABLE_MODULES = YES;
				CLANG_ENABLE_OBJC_ARC = YES;
				CLANG_ENABLE_OBJC_WEAK = YES;
				CLANG_WARN_BLOCK_CAPTURE_AUTORELEASING = YES;
				CLANG_WARN_BOOL_CONVERSION = YES;
				CLANG_WARN_COMMA = YES;
				CLANG_WARN_CONSTANT_CONVERSION = YES;
				CLANG_WARN_DEPRECATED_OBJC_IMPLEMENTATIONS = YES;
				CLANG_WARN_DIRECT_OBJC_ISA_USAGE = YES_ERROR;
				CLANG_WARN_DOCUMENTATION_COMMENTS = YES;
				CLANG_WARN_EMPTY_BODY = YES;
				CLANG_WARN_ENUM_CONVERSION = YES;
				CLANG_WARN_INFINITE_RECURSION = YES;
				CLANG_WARN_INT_CONVERSION = YES;
				CLANG_WARN_NON_LITERAL_NULL_CONVERSION = YES;
				CLANG_WARN_OBJC_IMPLICIT_RETAIN_SELF = YES;
				CLANG_WARN_OBJC_LITERAL_CONVERSION = YES;
				CLANG_WARN_OBJC_ROOT_CLASS = YES_ERROR;
				CLANG_WARN_RANGE_LOOP_ANALYSIS = YES;
				CLANG_WARN_STRICT_PROTOTYPES = YES;
				CLANG_WARN_SUSPICIOUS_MOVE = YES;
				CLANG_WARN_UNGUARDED_AVAILABILITY = YES_AGGRESSIVE;
				CLANG_WARN_UNREACHABLE_CODE = YES;
				CLANG_WARN__DUPLICATE_METHOD_MATCH = YES;
				CODE_SIGN_IDENTITY = "iPhone Developer";
				COPY_PHASE_STRIP = NO;
				DEBUG_INFORMATION_FORMAT = dwarf;
				ENABLE_STRICT_OBJC_MSGSEND = YES;
				ENABLE_TESTABILITY = YES;
				GCC_C_LANGUAGE_STANDARD = gnu11;
				GCC_DYNAMIC_NO_PIC = NO;
				GCC_NO_COMMON_BLOCKS = YES;
				GCC_OPTIMIZATION_LEVEL = 0;
				GCC_PREPROCESSOR_DEFINITIONS = (
					"DEBUG=1",
					"$(inherited)",
				);
				GCC_WARN_64_TO_32_BIT_CONVERSION = YES;
				GCC_WARN_ABOUT_RETURN_TYPE = YES_ERROR;
				GCC_WARN_UNDECLARED_SELECTOR = YES;
				GCC_WARN_UNINITIALIZED_AUTOS = YES_AGGRESSIVE;
				GCC_WARN_UNUSED_FUNCTION = YES;
				GCC_WARN_UNUSED_VARIABLE = YES;
				IPHONEOS_DEPLOYMENT_TARGET = 11.3;
				MTL_ENABLE_DEBUG_INFO = YES;
				ONLY_ACTIVE_ARCH = YES;
				SDKROOT = iphoneos;
				SWIFT_ACTIVE_COMPILATION_CONDITIONS = DEBUG;
				SWIFT_OPTIMIZATION_LEVEL = "-Onone";
			};
			name = Debug;
		};
		29EB754F20C849B300493165 /* Release */ = {
			isa = XCBuildConfiguration;
			buildSettings = {
				ALWAYS_SEARCH_USER_PATHS = NO;
				CLANG_ANALYZER_NONNULL = YES;
				CLANG_ANALYZER_NUMBER_OBJECT_CONVERSION = YES_AGGRESSIVE;
				CLANG_CXX_LANGUAGE_STANDARD = "gnu++14";
				CLANG_CXX_LIBRARY = "libc++";
				CLANG_ENABLE_MODULES = YES;
				CLANG_ENABLE_OBJC_ARC = YES;
				CLANG_ENABLE_OBJC_WEAK = YES;
				CLANG_WARN_BLOCK_CAPTURE_AUTORELEASING = YES;
				CLANG_WARN_BOOL_CONVERSION = YES;
				CLANG_WARN_COMMA = YES;
				CLANG_WARN_CONSTANT_CONVERSION = YES;
				CLANG_WARN_DEPRECATED_OBJC_IMPLEMENTATIONS = YES;
				CLANG_WARN_DIRECT_OBJC_ISA_USAGE = YES_ERROR;
				CLANG_WARN_DOCUMENTATION_COMMENTS = YES;
				CLANG_WARN_EMPTY_BODY = YES;
				CLANG_WARN_ENUM_CONVERSION = YES;
				CLANG_WARN_INFINITE_RECURSION = YES;
				CLANG_WARN_INT_CONVERSION = YES;
				CLANG_WARN_NON_LITERAL_NULL_CONVERSION = YES;
				CLANG_WARN_OBJC_IMPLICIT_RETAIN_SELF = YES;
				CLANG_WARN_OBJC_LITERAL_CONVERSION = YES;
				CLANG_WARN_OBJC_ROOT_CLASS = YES_ERROR;
				CLANG_WARN_RANGE_LOOP_ANALYSIS = YES;
				CLANG_WARN_STRICT_PROTOTYPES = YES;
				CLANG_WARN_SUSPICIOUS_MOVE = YES;
				CLANG_WARN_UNGUARDED_AVAILABILITY = YES_AGGRESSIVE;
				CLANG_WARN_UNREACHABLE_CODE = YES;
				CLANG_WARN__DUPLICATE_METHOD_MATCH = YES;
				CODE_SIGN_IDENTITY = "iPhone Developer";
				COPY_PHASE_STRIP = NO;
				DEBUG_INFORMATION_FORMAT = "dwarf-with-dsym";
				ENABLE_NS_ASSERTIONS = NO;
				ENABLE_STRICT_OBJC_MSGSEND = YES;
				GCC_C_LANGUAGE_STANDARD = gnu11;
				GCC_NO_COMMON_BLOCKS = YES;
				GCC_WARN_64_TO_32_BIT_CONVERSION = YES;
				GCC_WARN_ABOUT_RETURN_TYPE = YES_ERROR;
				GCC_WARN_UNDECLARED_SELECTOR = YES;
				GCC_WARN_UNINITIALIZED_AUTOS = YES_AGGRESSIVE;
				GCC_WARN_UNUSED_FUNCTION = YES;
				GCC_WARN_UNUSED_VARIABLE = YES;
				IPHONEOS_DEPLOYMENT_TARGET = 11.3;
				MTL_ENABLE_DEBUG_INFO = NO;
				SDKROOT = iphoneos;
				SWIFT_COMPILATION_MODE = wholemodule;
				SWIFT_OPTIMIZATION_LEVEL = "-O";
				VALIDATE_PRODUCT = YES;
			};
			name = Release;
		};
		29EB755120C849B300493165 /* Debug */ = {
			isa = XCBuildConfiguration;
			buildSettings = {
				ASSETCATALOG_COMPILER_APPICON_NAME = AppIcon;
				CODE_SIGN_STYLE = Automatic;
				DEVELOPMENT_TEAM = NZ34D2LM93;
				INFOPLIST_FILE = ImageClassificationCoreML/Info.plist;
				LD_RUNPATH_SEARCH_PATHS = (
					"$(inherited)",
					"@executable_path/Frameworks",
				);
				PRODUCT_BUNDLE_IDENTIFIER = com.fluxit.ImageClassificationCoreML;
				PRODUCT_NAME = "$(TARGET_NAME)";
				SWIFT_VERSION = 4.0;
				TARGETED_DEVICE_FAMILY = "1,2";
			};
			name = Debug;
		};
		29EB755220C849B300493165 /* Release */ = {
			isa = XCBuildConfiguration;
			buildSettings = {
				ASSETCATALOG_COMPILER_APPICON_NAME = AppIcon;
				CODE_SIGN_STYLE = Automatic;
				DEVELOPMENT_TEAM = NZ34D2LM93;
				INFOPLIST_FILE = ImageClassificationCoreML/Info.plist;
				LD_RUNPATH_SEARCH_PATHS = (
					"$(inherited)",
					"@executable_path/Frameworks",
				);
				PRODUCT_BUNDLE_IDENTIFIER = com.fluxit.ImageClassificationCoreML;
				PRODUCT_NAME = "$(TARGET_NAME)";
				SWIFT_VERSION = 4.0;
				TARGETED_DEVICE_FAMILY = "1,2";
			};
			name = Release;
		};
/* End XCBuildConfiguration section */

/* Begin XCConfigurationList section */
		29EB753920C849B100493165 /* Build configuration list for PBXProject "ImageClassificationCoreML" */ = {
			isa = XCConfigurationList;
			buildConfigurations = (
				29EB754E20C849B300493165 /* Debug */,
				29EB754F20C849B300493165 /* Release */,
			);
			defaultConfigurationIsVisible = 0;
			defaultConfigurationName = Release;
		};
		29EB755020C849B300493165 /* Build configuration list for PBXNativeTarget "ImageClassificationCoreML" */ = {
			isa = XCConfigurationList;
			buildConfigurations = (
				29EB755120C849B300493165 /* Debug */,
				29EB755220C849B300493165 /* Release */,
			);
			defaultConfigurationIsVisible = 0;
			defaultConfigurationName = Release;
		};
/* End XCConfigurationList section */
	};
	rootObject = 29EB753620C849B100493165 /* Project object */;
}
